// !$*UTF8*$!
{
	archiveVersion = 1;
	classes = {
	};
	objectVersion = 46;
	objects = {

/* Begin PBXBuildFile section */
		56BA2C9C1DB6FE59002EB907 /* AppDelegate.swift in Sources */ = {isa = PBXBuildFile; fileRef = 56BA2C9B1DB6FE59002EB907 /* AppDelegate.swift */; };
		56BA2C9E1DB6FE59002EB907 /* ViewController.swift in Sources */ = {isa = PBXBuildFile; fileRef = 56BA2C9D1DB6FE59002EB907 /* ViewController.swift */; };
		56BA2CA11DB6FE59002EB907 /* Main.storyboard in Resources */ = {isa = PBXBuildFile; fileRef = 56BA2C9F1DB6FE59002EB907 /* Main.storyboard */; };
		56BA2CA31DB6FE59002EB907 /* Assets.xcassets in Resources */ = {isa = PBXBuildFile; fileRef = 56BA2CA21DB6FE59002EB907 /* Assets.xcassets */; };
		56BA2CA61DB6FE59002EB907 /* LaunchScreen.storyboard in Resources */ = {isa = PBXBuildFile; fileRef = 56BA2CA41DB6FE59002EB907 /* LaunchScreen.storyboard */; };
		56BA2CB71DB6FF85002EB907 /* GCD.swift in Sources */ = {isa = PBXBuildFile; fileRef = 56BA2CB61DB6FF85002EB907 /* GCD.swift */; };
		56BA2CB91DB700C0002EB907 /* EMPopView.framework in Frameworks */ = {isa = PBXBuildFile; fileRef = 56BA2CB81DB700C0002EB907 /* EMPopView.framework */; };
/* End PBXBuildFile section */

/* Begin PBXFileReference section */
		56BA2C981DB6FE59002EB907 /* EMPopViewExample.app */ = {isa = PBXFileReference; explicitFileType = wrapper.application; includeInIndex = 0; path = EMPopViewExample.app; sourceTree = BUILT_PRODUCTS_DIR; };
		56BA2C9B1DB6FE59002EB907 /* AppDelegate.swift */ = {isa = PBXFileReference; lastKnownFileType = sourcecode.swift; name = AppDelegate.swift; path = EMPopViewExample/AppDelegate.swift; sourceTree = "<group>"; };
		56BA2C9D1DB6FE59002EB907 /* ViewController.swift */ = {isa = PBXFileReference; lastKnownFileType = sourcecode.swift; name = ViewController.swift; path = EMPopViewExample/ViewController.swift; sourceTree = "<group>"; };
		56BA2CA01DB6FE59002EB907 /* Base */ = {isa = PBXFileReference; lastKnownFileType = file.storyboard; name = Base; path = Base.lproj/Main.storyboard; sourceTree = "<group>"; };
		56BA2CA21DB6FE59002EB907 /* Assets.xcassets */ = {isa = PBXFileReference; lastKnownFileType = folder.assetcatalog; path = Assets.xcassets; sourceTree = "<group>"; };
		56BA2CA51DB6FE59002EB907 /* Base */ = {isa = PBXFileReference; lastKnownFileType = file.storyboard; name = Base; path = Base.lproj/LaunchScreen.storyboard; sourceTree = "<group>"; };
		56BA2CA71DB6FE59002EB907 /* Info.plist */ = {isa = PBXFileReference; lastKnownFileType = text.plist.xml; path = Info.plist; sourceTree = "<group>"; };
		56BA2CB61DB6FF85002EB907 /* GCD.swift */ = {isa = PBXFileReference; fileEncoding = 4; lastKnownFileType = sourcecode.swift; name = GCD.swift; path = EMPopViewExample/GCD.swift; sourceTree = "<group>"; };
		56BA2CB81DB700C0002EB907 /* EMPopView.framework */ = {isa = PBXFileReference; lastKnownFileType = wrapper.framework; name = EMPopView.framework; path = "../../../../../Library/Developer/Xcode/DerivedData/EMPopViewExample-gtetkklbwshoaydrlvosrzjqmlfv/Build/Products/Debug-iphonesimulator/EMPopView.framework"; sourceTree = "<group>"; };
/* End PBXFileReference section */

/* Begin PBXFrameworksBuildPhase section */
		56BA2C951DB6FE59002EB907 /* Frameworks */ = {
			isa = PBXFrameworksBuildPhase;
			buildActionMask = 2147483647;
			files = (
				56BA2CB91DB700C0002EB907 /* EMPopView.framework in Frameworks */,
			);
			runOnlyForDeploymentPostprocessing = 0;
		};
/* End PBXFrameworksBuildPhase section */

/* Begin PBXGroup section */
		56BA2C8F1DB6FE59002EB907 = {
			isa = PBXGroup;
			children = (
				56BA2CB61DB6FF85002EB907 /* GCD.swift */,
				56BA2C9B1DB6FE59002EB907 /* AppDelegate.swift */,
				56BA2C9D1DB6FE59002EB907 /* ViewController.swift */,
				56BA2C9F1DB6FE59002EB907 /* Main.storyboard */,
				56BA2C9A1DB6FE59002EB907 /* EMPopViewExample */,
				56BA2C991DB6FE59002EB907 /* Products */,
				56BA2CB31DB6FF45002EB907 /* Frameworks */,
			);
			sourceTree = "<group>";
		};
		56BA2C991DB6FE59002EB907 /* Products */ = {
			isa = PBXGroup;
			children = (
				56BA2C981DB6FE59002EB907 /* EMPopViewExample.app */,
			);
			name = Products;
			sourceTree = "<group>";
		};
		56BA2C9A1DB6FE59002EB907 /* EMPopViewExample */ = {
			isa = PBXGroup;
			children = (
				56BA2CA21DB6FE59002EB907 /* Assets.xcassets */,
				56BA2CA41DB6FE59002EB907 /* LaunchScreen.storyboard */,
				56BA2CA71DB6FE59002EB907 /* Info.plist */,
			);
			path = EMPopViewExample;
			sourceTree = "<group>";
		};
		56BA2CB31DB6FF45002EB907 /* Frameworks */ = {
			isa = PBXGroup;
			children = (
				56BA2CB81DB700C0002EB907 /* EMPopView.framework */,
			);
			name = Frameworks;
			sourceTree = "<group>";
		};
/* End PBXGroup section */

/* Begin PBXNativeTarget section */
		56BA2C971DB6FE59002EB907 /* EMPopViewExample */ = {
			isa = PBXNativeTarget;
			buildConfigurationList = 56BA2CAA1DB6FE59002EB907 /* Build configuration list for PBXNativeTarget "EMPopViewExample" */;
			buildPhases = (
				56BA2C941DB6FE59002EB907 /* Sources */,
				56BA2C951DB6FE59002EB907 /* Frameworks */,
				56BA2C961DB6FE59002EB907 /* Resources */,
			);
			buildRules = (
			);
			dependencies = (
			);
			name = EMPopViewExample;
			productName = EMPopViewExample;
			productReference = 56BA2C981DB6FE59002EB907 /* EMPopViewExample.app */;
			productType = "com.apple.product-type.application";
		};
/* End PBXNativeTarget section */

/* Begin PBXProject section */
		56BA2C901DB6FE59002EB907 /* Project object */ = {
			isa = PBXProject;
			attributes = {
				LastSwiftUpdateCheck = 0800;
				LastUpgradeCheck = 0800;
				ORGANIZATIONNAME = "郑宇琦";
				TargetAttributes = {
					56BA2C971DB6FE59002EB907 = {
						CreatedOnToolsVersion = 8.0;
						DevelopmentTeam = JG6P34L9X8;
						ProvisioningStyle = Automatic;
					};
				};
			};
			buildConfigurationList = 56BA2C931DB6FE59002EB907 /* Build configuration list for PBXProject "EMPopViewExample" */;
			compatibilityVersion = "Xcode 3.2";
			developmentRegion = English;
			hasScannedForEncodings = 0;
			knownRegions = (
				en,
				Base,
			);
			mainGroup = 56BA2C8F1DB6FE59002EB907;
			productRefGroup = 56BA2C991DB6FE59002EB907 /* Products */;
			projectDirPath = "";
			projectRoot = "";
			targets = (
				56BA2C971DB6FE59002EB907 /* EMPopViewExample */,
			);
		};
/* End PBXProject section */

/* Begin PBXResourcesBuildPhase section */
		56BA2C961DB6FE59002EB907 /* Resources */ = {
			isa = PBXResourcesBuildPhase;
			buildActionMask = 2147483647;
			files = (
				56BA2CA61DB6FE59002EB907 /* LaunchScreen.storyboard in Resources */,
				56BA2CA31DB6FE59002EB907 /* Assets.xcassets in Resources */,
				56BA2CA11DB6FE59002EB907 /* Main.storyboard in Resources */,
			);
			runOnlyForDeploymentPostprocessing = 0;
		};
/* End PBXResourcesBuildPhase section */

/* Begin PBXSourcesBuildPhase section */
		56BA2C941DB6FE59002EB907 /* Sources */ = {
			isa = PBXSourcesBuildPhase;
			buildActionMask = 2147483647;
			files = (
				56BA2CB71DB6FF85002EB907 /* GCD.swift in Sources */,
				56BA2C9E1DB6FE59002EB907 /* ViewController.swift in Sources */,
				56BA2C9C1DB6FE59002EB907 /* AppDelegate.swift in Sources */,
			);
			runOnlyForDeploymentPostprocessing = 0;
		};
/* End PBXSourcesBuildPhase section */

/* Begin PBXVariantGroup section */
		56BA2C9F1DB6FE59002EB907 /* Main.storyboard */ = {
			isa = PBXVariantGroup;
			children = (
				56BA2CA01DB6FE59002EB907 /* Base */,
			);
			name = Main.storyboard;
			path = EMPopViewExample;
			sourceTree = "<group>";
		};
		56BA2CA41DB6FE59002EB907 /* LaunchScreen.storyboard */ = {
			isa = PBXVariantGroup;
			children = (
				56BA2CA51DB6FE59002EB907 /* Base */,
			);
			name = LaunchScreen.storyboard;
			sourceTree = "<group>";
		};
/* End PBXVariantGroup section */

/* Begin XCBuildConfiguration section */
		56BA2CA81DB6FE59002EB907 /* Debug */ = {
			isa = XCBuildConfiguration;
			buildSettings = {
				ALWAYS_SEARCH_USER_PATHS = NO;
				CLANG_ANALYZER_NONNULL = YES;
				CLANG_CXX_LANGUAGE_STANDARD = "gnu++0x";
				CLANG_CXX_LIBRARY = "libc++";
				CLANG_ENABLE_MODULES = YES;
				CLANG_ENABLE_OBJC_ARC = YES;
				CLANG_WARN_BOOL_CONVERSION = YES;
				CLANG_WARN_CONSTANT_CONVERSION = YES;
				CLANG_WARN_DIRECT_OBJC_ISA_USAGE = YES_ERROR;
				CLANG_WARN_DOCUMENTATION_COMMENTS = YES;
				CLANG_WARN_EMPTY_BODY = YES;
				CLANG_WARN_ENUM_CONVERSION = YES;
				CLANG_WARN_INFINITE_RECURSION = YES;
				CLANG_WARN_INT_CONVERSION = YES;
				CLANG_WARN_OBJC_ROOT_CLASS = YES_ERROR;
				CLANG_WARN_SUSPICIOUS_MOVES = YES;
				CLANG_WARN_UNREACHABLE_CODE = YES;
				CLANG_WARN__DUPLICATE_METHOD_MATCH = YES;
				"CODE_SIGN_IDENTITY[sdk=iphoneos*]" = "iPhone Developer";
				COPY_PHASE_STRIP = NO;
				DEBUG_INFORMATION_FORMAT = dwarf;
				ENABLE_STRICT_OBJC_MSGSEND = YES;
				ENABLE_TESTABILITY = YES;
				GCC_C_LANGUAGE_STANDARD = gnu99;
				GCC_DYNAMIC_NO_PIC = NO;
				GCC_NO_COMMON_BLOCKS = YES;
				GCC_OPTIMIZATION_LEVEL = 0;
				GCC_PREPROCESSOR_DEFINITIONS = (
					"DEBUG=1",
					"$(inherited)",
				);
				GCC_WARN_64_TO_32_BIT_CONVERSION = YES;
				GCC_WARN_ABOUT_RETURN_TYPE = YES_ERROR;
				GCC_WARN_UNDECLARED_SELECTOR = YES;
				GCC_WARN_UNINITIALIZED_AUTOS = YES_AGGRESSIVE;
				GCC_WARN_UNUSED_FUNCTION = YES;
				GCC_WARN_UNUSED_VARIABLE = YES;
				IPHONEOS_DEPLOYMENT_TARGET = 10.0;
				MTL_ENABLE_DEBUG_INFO = YES;
				ONLY_ACTIVE_ARCH = YES;
				SDKROOT = iphoneos;
				SWIFT_ACTIVE_COMPILATION_CONDITIONS = DEBUG;
				SWIFT_OPTIMIZATION_LEVEL = "-Onone";
				TARGETED_DEVICE_FAMILY = "1,2";
			};
			name = Debug;
		};
		56BA2CA91DB6FE59002EB907 /* Release */ = {
			isa = XCBuildConfiguration;
			buildSettings = {
				ALWAYS_SEARCH_USER_PATHS = NO;
				CLANG_ANALYZER_NONNULL = YES;
				CLANG_CXX_LANGUAGE_STANDARD = "gnu++0x";
				CLANG_CXX_LIBRARY = "libc++";
				CLANG_ENABLE_MODULES = YES;
				CLANG_ENABLE_OBJC_ARC = YES;
				CLANG_WARN_BOOL_CONVERSION = YES;
				CLANG_WARN_CONSTANT_CONVERSION = YES;
				CLANG_WARN_DIRECT_OBJC_ISA_USAGE = YES_ERROR;
				CLANG_WARN_DOCUMENTATION_COMMENTS = YES;
				CLANG_WARN_EMPTY_BODY = YES;
				CLANG_WARN_ENUM_CONVERSION = YES;
				CLANG_WARN_INFINITE_RECURSION = YES;
				CLANG_WARN_INT_CONVERSION = YES;
				CLANG_WARN_OBJC_ROOT_CLASS = YES_ERROR;
				CLANG_WARN_SUSPICIOUS_MOVES = YES;
				CLANG_WARN_UNREACHABLE_CODE = YES;
				CLANG_WARN__DUPLICATE_METHOD_MATCH = YES;
				"CODE_SIGN_IDENTITY[sdk=iphoneos*]" = "iPhone Developer";
				COPY_PHASE_STRIP = NO;
				DEBUG_INFORMATION_FORMAT = "dwarf-with-dsym";
				ENABLE_NS_ASSERTIONS = NO;
				ENABLE_STRICT_OBJC_MSGSEND = YES;
				GCC_C_LANGUAGE_STANDARD = gnu99;
				GCC_NO_COMMON_BLOCKS = YES;
				GCC_WARN_64_TO_32_BIT_CONVERSION = YES;
				GCC_WARN_ABOUT_RETURN_TYPE = YES_ERROR;
				GCC_WARN_UNDECLARED_SELECTOR = YES;
				GCC_WARN_UNINITIALIZED_AUTOS = YES_AGGRESSIVE;
				GCC_WARN_UNUSED_FUNCTION = YES;
				GCC_WARN_UNUSED_VARIABLE = YES;
				IPHONEOS_DEPLOYMENT_TARGET = 10.0;
				MTL_ENABLE_DEBUG_INFO = NO;
				SDKROOT = iphoneos;
				SWIFT_OPTIMIZATION_LEVEL = "-Owholemodule";
				TARGETED_DEVICE_FAMILY = "1,2";
				VALIDATE_PRODUCT = YES;
			};
			name = Release;
		};
		56BA2CAB1DB6FE59002EB907 /* Debug */ = {
			isa = XCBuildConfiguration;
			buildSettings = {
				ASSETCATALOG_COMPILER_APPICON_NAME = AppIcon;
				DEVELOPMENT_TEAM = JG6P34L9X8;
				INFOPLIST_FILE = EMPopViewExample/Info.plist;
				LD_RUNPATH_SEARCH_PATHS = "$(inherited) @executable_path/Frameworks";
				PRODUCT_BUNDLE_IDENTIFIER = tir.EMPopViewExample;
				PRODUCT_NAME = "$(TARGET_NAME)";
				SWIFT_VERSION = 3.0;
			};
			name = Debug;
		};
		56BA2CAC1DB6FE59002EB907 /* Release */ = {
			isa = XCBuildConfiguration;
			buildSettings = {
				ASSETCATALOG_COMPILER_APPICON_NAME = AppIcon;
				DEVELOPMENT_TEAM = JG6P34L9X8;
				INFOPLIST_FILE = EMPopViewExample/Info.plist;
				LD_RUNPATH_SEARCH_PATHS = "$(inherited) @executable_path/Frameworks";
				PRODUCT_BUNDLE_IDENTIFIER = tir.EMPopViewExample;
				PRODUCT_NAME = "$(TARGET_NAME)";
				SWIFT_VERSION = 3.0;
			};
			name = Release;
		};
/* End XCBuildConfiguration section */

/* Begin XCConfigurationList section */
		56BA2C931DB6FE59002EB907 /* Build configuration list for PBXProject "EMPopViewExample" */ = {
			isa = XCConfigurationList;
			buildConfigurations = (
				56BA2CA81DB6FE59002EB907 /* Debug */,
				56BA2CA91DB6FE59002EB907 /* Release */,
			);
			defaultConfigurationIsVisible = 0;
			defaultConfigurationName = Release;
		};
		56BA2CAA1DB6FE59002EB907 /* Build configuration list for PBXNativeTarget "EMPopViewExample" */ = {
			isa = XCConfigurationList;
			buildConfigurations = (
				56BA2CAB1DB6FE59002EB907 /* Debug */,
				56BA2CAC1DB6FE59002EB907 /* Release */,
			);
			defaultConfigurationIsVisible = 0;
			defaultConfigurationName = Release;
		};
/* End XCConfigurationList section */
	};
	rootObject = 56BA2C901DB6FE59002EB907 /* Project object */;
}
